
Microsoft Visual Studio Solution File, Format Version 12.00
# Visual Studio Version 17
VisualStudioVersion = 17.4.33205.214
MinimumVisualStudioVersion = 10.0.40219.1
Project("{8BC9CEB8-8B4A-11D0-8D11-00A0C91BC942}") = "Ch03", "Ch03.vcxproj", "{206440EB-25FC-4F12-B6F1-8F982719FF7A}"
EndProject
Global
	GlobalSection(SolutionConfigurationPlatforms) = preSolution
		Debug|x64 = Debug|x64
		Debug|x86 = Debug|x86
		Release|x64 = Release|x64
		Release|x86 = Release|x86
	EndGlobalSection
	GlobalSection(ProjectConfigurationPlatforms) = postSolution
		{206440EB-25FC-4F12-B6F1-8F982719FF7A}.Debug|x64.ActiveCfg = Debug|x64
		{206440EB-25FC-4F12-B6F1-8F982719FF7A}.Debug|x64.Build.0 = Debug|x64
		{206440EB-25FC-4F12-B6F1-8F982719FF7A}.Debug|x86.ActiveCfg = Debug|Win32
		{206440EB-25FC-4F12-B6F1-8F982719FF7A}.Debug|x86.Build.0 = Debug|Win32
		{206440EB-25FC-4F12-B6F1-8F982719FF7A}.Release|x64.ActiveCfg = Release|x64
		{206440EB-25FC-4F12-B6F1-8F982719FF7A}.Release|x64.Build.0 = Release|x64
		{206440EB-25FC-4F12-B6F1-8F982719FF7A}.Release|x86.ActiveCfg = Release|Win32
		{206440EB-25FC-4F12-B6F1-8F982719FF7A}.Release|x86.Build.0 = Release|Win32
	EndGlobalSection
	GlobalSection(SolutionProperties) = preSolution
		HideSolutionNode = FALSE
	EndGlobalSection
	GlobalSection(ExtensibilityGlobals) = postSolution
		SolutionGuid = {6A722592-83D8-440F-87C7-11A53BE2FC6E}
	EndGlobalSection
EndGlobal
